PODS:
  - Material (2.16.4):
    - Material/Core (= 2.16.4)
  - Material/Core (2.16.4):
    - Motion (~> 1.4.3)
  - Motion (1.4.3):
    - Motion/Core (= 1.4.3)
  - Motion/Core (1.4.3)
  - SCLAlertView (0.8)

DEPENDENCIES:
  - Material
  - SCLAlertView

SPEC REPOS:
  https://github.com/cocoapods/specs.git:
    - Material
    - Motion
    - SCLAlertView

SPEC CHECKSUMS:
  Material: 4ed78690b09ffd148b5ffab6b4367fb1d8da1cd3
  Motion: 153ba49692997888556c7a95207278a8b1f8be95
  SCLAlertView: 6a77bb2edfc65e04dbe57725546cb4107a506b85

PODFILE CHECKSUM: 19cd456eaf8ca7d0a90ac8dde24e0f472142b101

COCOAPODS: 1.5.3
